
Microsoft Visual Studio Solution File, Format Version 12.00
# Visual Studio Version 16
VisualStudioVersion = 16.0.29519.181
MinimumVisualStudioVersion = 10.0.40219.1
Project("{9A19103F-16F7-4668-BE54-9A1E7A4F7556}") = "CurrencyExchange.API", "CurrencyExchange.API\CurrencyExchange.API.csproj", "{3B2AF985-BFB5-4BDB-B14E-248360E68636}"
EndProject
Project("{FAE04EC0-301F-11D3-BF4B-00C04F79EFBC}") = "CurrencyExchange.Service", "CurrencyExchange.Service\CurrencyExchange.Service.csproj", "{426D928D-D84C-4E04-93DD-AF8B0BE60794}"
EndProject
Project("{FAE04EC0-301F-11D3-BF4B-00C04F79EFBC}") = "CurrencyExchange.Web", "CurrencyExchange.Web\CurrencyExchange.Web.csproj", "{87CDF2D9-9183-49B5-9A89-413C77358C3F}"
EndProject
Global
	GlobalSection(SolutionConfigurationPlatforms) = preSolution
		Debug|Any CPU = Debug|Any CPU
		Release|Any CPU = Release|Any CPU
	EndGlobalSection
	GlobalSection(ProjectConfigurationPlatforms) = postSolution
		{3B2AF985-BFB5-4BDB-B14E-248360E68636}.Debug|Any CPU.ActiveCfg = Debug|Any CPU
		{3B2AF985-BFB5-4BDB-B14E-248360E68636}.Debug|Any CPU.Build.0 = Debug|Any CPU
		{3B2AF985-BFB5-4BDB-B14E-248360E68636}.Release|Any CPU.ActiveCfg = Release|Any CPU
		{3B2AF985-BFB5-4BDB-B14E-248360E68636}.Release|Any CPU.Build.0 = Release|Any CPU
		{426D928D-D84C-4E04-93DD-AF8B0BE60794}.Debug|Any CPU.ActiveCfg = Debug|Any CPU
		{426D928D-D84C-4E04-93DD-AF8B0BE60794}.Debug|Any CPU.Build.0 = Debug|Any CPU
		{426D928D-D84C-4E04-93DD-AF8B0BE60794}.Release|Any CPU.ActiveCfg = Release|Any CPU
		{426D928D-D84C-4E04-93DD-AF8B0BE60794}.Release|Any CPU.Build.0 = Release|Any CPU
		{87CDF2D9-9183-49B5-9A89-413C77358C3F}.Debug|Any CPU.ActiveCfg = Debug|Any CPU
		{87CDF2D9-9183-49B5-9A89-413C77358C3F}.Debug|Any CPU.Build.0 = Debug|Any CPU
		{87CDF2D9-9183-49B5-9A89-413C77358C3F}.Release|Any CPU.ActiveCfg = Release|Any CPU
		{87CDF2D9-9183-49B5-9A89-413C77358C3F}.Release|Any CPU.Build.0 = Release|Any CPU
	EndGlobalSection
	GlobalSection(SolutionProperties) = preSolution
		HideSolutionNode = FALSE
	EndGlobalSection
	GlobalSection(ExtensibilityGlobals) = postSolution
		SolutionGuid = {0D4FAB51-4108-43AC-80DB-39405A2BC40B}
	EndGlobalSection
EndGlobal
